{
  "nodes": {
    "julia-source": {
      "flake": false,
      "locked": {
        "lastModified": 1667315038,
        "narHash": "sha256-Yp8IuclOObQE7s/yYGcN1oZjegrfoLAlE66DxDbfKgQ=",
        "owner": "rambip",
        "repo": "web-julia",
        "rev": "c6ce97340b98248213d3833a1732e053402d04a5",
        "type": "github"
      },
      "original": {
        "owner": "rambip",
        "repo": "web-julia",
        "type": "github"
      }
    },
    "nixpkgs": {
      "locked": {
        "lastModified": 1671458120,
        "narHash": "sha256-2+k/OONN4OF21TeoNjKB5sXVZv6Zvm/uEyQIW9OYCg8=",
        "owner": "NixOS",
        "repo": "nixpkgs",
        "rev": "e37ef84b478fa8da0ced96522adfd956fde9047a",
        "type": "github"
      },
      "original": {
        "id": "nixpkgs",
        "type": "indirect"
      }
    },
    "perfect-clear-source": {
      "flake": false,
      "locked": {
        "lastModified": 1671644044,
        "narHash": "sha256-G8ZQzYN0y8rJf4FJOCbTyYMWENBoksIIjLCtAlzaSxU=",
        "owner": "rambip",
        "repo": "web-perfect-clear",
        "rev": "da74b1608bb94bcae4c68219e7b76f52cb5590fa",
        "type": "github"
      },
      "original": {
        "owner": "rambip",
        "repo": "web-perfect-clear",
        "type": "github"
      }
    },
    "root": {
      "inputs": {
        "julia-source": "julia-source",
        "nixpkgs": "nixpkgs",
        "perfect-clear-source": "perfect-clear-source",
        "utils": "utils",
        "web-compress-source": "web-compress-source"
      }
    },
    "utils": {
      "locked": {
        "lastModified": 1667395993,
        "narHash": "sha256-nuEHfE/LcWyuSWnS8t12N1wc105Qtau+/OdUAjtQ0rA=",
        "owner": "numtide",
        "repo": "flake-utils",
        "rev": "5aed5285a952e0b949eb3ba02c12fa4fcfef535f",
        "type": "github"
      },
      "original": {
        "owner": "numtide",
        "repo": "flake-utils",
        "type": "github"
      }
    },
    "web-compress-source": {
      "flake": false,
      "locked": {
        "lastModified": 1667124736,
        "narHash": "sha256-BTGlkRb0GfHTqQHhRgDGyfGXD+xw+NuOynG1W3KxiL0=",
        "owner": "rambip",
        "repo": "web-compress",
        "rev": "5be2ea073010a1159a4cf498bd30db1d6a469414",
        "type": "github"
      },
      "original": {
        "owner": "rambip",
        "repo": "web-compress",
        "type": "github"
      }
    }
  },
  "root": "root",
  "version": 7
}
