{
  "nodes": {
    "julia-source": {
      "flake": false,
      "locked": {
        "lastModified": 1667315038,
        "narHash": "sha256-Yp8IuclOObQE7s/yYGcN1oZjegrfoLAlE66DxDbfKgQ=",
        "owner": "rambip",
        "repo": "web-julia",
        "rev": "c6ce97340b98248213d3833a1732e053402d04a5",
        "type": "github"
      },
      "original": {
        "owner": "rambip",
        "repo": "web-julia",
        "type": "github"
      }
    },
    "nixpkgs": {
      "locked": {
        "lastModified": 1667110639,
        "narHash": "sha256-4FbPESZ5LbqQxkJJJBAfk/zKgF9h/4kyUwjjpJwYlbc=",
        "owner": "NixOS",
        "repo": "nixpkgs",
        "rev": "f38a1f04d1bec1feb61fd101a0539ae2002a7087",
        "type": "github"
      },
      "original": {
        "id": "nixpkgs",
        "type": "indirect"
      }
    },
    "perfect-clear-source": {
      "flake": false,
      "locked": {
        "lastModified": 1667322064,
        "narHash": "sha256-+Euvy6c/hsNFzBMsJGbFeqK/oVdenKP6GxtTDJgaapI=",
        "owner": "rambip",
        "repo": "web-perfect-clear",
        "rev": "8f42e3ce301988ccf4ef898658a97aa5dff2d694",
        "type": "github"
      },
      "original": {
        "owner": "rambip",
        "repo": "web-perfect-clear",
        "type": "github"
      }
    },
    "root": {
      "inputs": {
        "julia-source": "julia-source",
        "nixpkgs": "nixpkgs",
        "perfect-clear-source": "perfect-clear-source",
        "utils": "utils"
      }
    },
    "utils": {
      "locked": {
        "lastModified": 1667077288,
        "narHash": "sha256-bdC8sFNDpT0HK74u9fUkpbf1MEzVYJ+ka7NXCdgBoaA=",
        "owner": "numtide",
        "repo": "flake-utils",
        "rev": "6ee9ebb6b1ee695d2cacc4faa053a7b9baa76817",
        "type": "github"
      },
      "original": {
        "owner": "numtide",
        "repo": "flake-utils",
        "type": "github"
      }
    }
  },
  "root": "root",
  "version": 7
}
